
Microsoft Visual Studio Solution File, Format Version 12.00
# Visual Studio 2017
Project("{FAE04EC0-301F-11D3-BF4B-00C04F79EFBC}") = "SkillFul", "SkillFul.csproj", "{41C3CEC4-A31D-1414-2EF3-60836D7B8AAA}"
EndProject
Global
	GlobalSection(SolutionConfigurationPlatforms) = preSolution
		Debug|Any CPU = Debug|Any CPU
		Release|Any CPU = Release|Any CPU
	EndGlobalSection
	GlobalSection(ProjectConfigurationPlatforms) = postSolution
		{41C3CEC4-A31D-1414-2EF3-60836D7B8AAA}.Debug|Any CPU.ActiveCfg = Debug|Any CPU
		{41C3CEC4-A31D-1414-2EF3-60836D7B8AAA}.Debug|Any CPU.Build.0 = Debug|Any CPU
		{41C3CEC4-A31D-1414-2EF3-60836D7B8AAA}.Release|Any CPU.ActiveCfg = Release|Any CPU
		{41C3CEC4-A31D-1414-2EF3-60836D7B8AAA}.Release|Any CPU.Build.0 = Release|Any CPU
	EndGlobalSection
	GlobalSection(SolutionProperties) = preSolution
		HideSolutionNode = FALSE
	EndGlobalSection
EndGlobal
