
Microsoft Visual Studio Solution File, Format Version 12.00
# Visual Studio 2017
Project("{FAE04EC0-301F-11D3-BF4B-00C04F79EFBC}") = "Skillfull", "Skillfull.csproj", "{7348A344-21AA-22AA-8F80-8E1AF295E55E}"
EndProject
Global
	GlobalSection(SolutionConfigurationPlatforms) = preSolution
		Debug|Any CPU = Debug|Any CPU
		Release|Any CPU = Release|Any CPU
	EndGlobalSection
	GlobalSection(ProjectConfigurationPlatforms) = postSolution
		{7348A344-21AA-22AA-8F80-8E1AF295E55E}.Debug|Any CPU.ActiveCfg = Debug|Any CPU
		{7348A344-21AA-22AA-8F80-8E1AF295E55E}.Debug|Any CPU.Build.0 = Debug|Any CPU
		{7348A344-21AA-22AA-8F80-8E1AF295E55E}.Release|Any CPU.ActiveCfg = Release|Any CPU
		{7348A344-21AA-22AA-8F80-8E1AF295E55E}.Release|Any CPU.Build.0 = Release|Any CPU
	EndGlobalSection
	GlobalSection(SolutionProperties) = preSolution
		HideSolutionNode = FALSE
	EndGlobalSection
EndGlobal
